lockfileVersion: 5.4

specifiers:
  redux-devtools-extension: ^2.13.9

dependencies:
  redux-devtools-extension: 2.13.9

packages:

  /redux-devtools-extension/2.13.9:
    resolution: {integrity: sha512-cNJ8Q/EtjhQaZ71c8I9+BPySIBVEKssbPpskBfsXqb8HJ002A3KRVHfeRzwRo6mGPqsm7XuHTqNSNeS1Khig0A==}
    deprecated: Package moved to @redux-devtools/extension.
    peerDependencies:
      redux: ^3.1.0 || ^4.0.0
    dev: false
